
Microsoft Visual Studio Solution File, Format Version 12.00
# Visual Studio Version 17
VisualStudioVersion = 17.5.33424.131
MinimumVisualStudioVersion = 10.0.40219.1
Project("{9A19103F-16F7-4668-BE54-9A1E7A4F7556}") = "ApiServer", "ApiServer\ApiServer.csproj", "{AEBDCAAD-09AE-4458-A6E7-6BA62080ED2E}"
EndProject
Project("{2150E333-8FDC-42A3-9474-1A3956D46DE8}") = "src", "src", "{79A3AE20-0A1E-41F1-924E-62F58A440719}"
EndProject
Project("{2150E333-8FDC-42A3-9474-1A3956D46DE8}") = "tests", "tests", "{9ACE9B54-DF79-467A-96AA-B82DB8AD7D44}"
EndProject
Project("{9A19103F-16F7-4668-BE54-9A1E7A4F7556}") = "ApiServer.Domain", "ApiServer.Domain\ApiServer.Domain.csproj", "{50BAA52D-6022-4EC2-AD78-3472F4FB1EB8}"
EndProject
Project("{9A19103F-16F7-4668-BE54-9A1E7A4F7556}") = "ApiServer.Data", "ApiServer.Data\ApiServer.Data.csproj", "{3835A672-5AA0-4AC1-9FD3-6379A01F689F}"
EndProject
Project("{9A19103F-16F7-4668-BE54-9A1E7A4F7556}") = "ApiServer.Data.EF", "ApiServer.Data.EF\ApiServer.Data.EF.csproj", "{13D4E93F-A082-438D-BB4A-07C99DD698A7}"
EndProject
Project("{9A19103F-16F7-4668-BE54-9A1E7A4F7556}") = "ApiServer.Shared", "ApiServer.SharedKernel\ApiServer.Shared.csproj", "{6B4BA8AC-2264-4B91-91F7-691F415393CA}"
EndProject
Project("{9A19103F-16F7-4668-BE54-9A1E7A4F7556}") = "ApiServer.DTO", "ApiServer.DTO\ApiServer.DTO.csproj", "{09632A81-3F36-4256-8276-EBCDCC7BDE0F}"
EndProject
Project("{9A19103F-16F7-4668-BE54-9A1E7A4F7556}") = "ApiServer.Model", "ApiServer.Model\ApiServer.Model.csproj", "{6D16E0AE-A31D-423B-A4BA-E0525D5C7BE7}"
EndProject
Project("{9A19103F-16F7-4668-BE54-9A1E7A4F7556}") = "ApiServer.Domain.Tests", "ApiServer.Domain.Tests\ApiServer.Domain.Tests.csproj", "{9FCD67D1-5014-497B-8DFB-0B4129619379}"
EndProject
Project("{9A19103F-16F7-4668-BE54-9A1E7A4F7556}") = "ApiServer.SharedInterfaces", "ApiServer.SharedInterfaces\ApiServer.SharedInterfaces.csproj", "{AF565562-7322-40E4-8D20-641A476AF3AE}"
EndProject
Global
	GlobalSection(SolutionConfigurationPlatforms) = preSolution
		Debug|Any CPU = Debug|Any CPU
		Release|Any CPU = Release|Any CPU
	EndGlobalSection
	GlobalSection(ProjectConfigurationPlatforms) = postSolution
		{AEBDCAAD-09AE-4458-A6E7-6BA62080ED2E}.Debug|Any CPU.ActiveCfg = Debug|Any CPU
		{AEBDCAAD-09AE-4458-A6E7-6BA62080ED2E}.Debug|Any CPU.Build.0 = Debug|Any CPU
		{AEBDCAAD-09AE-4458-A6E7-6BA62080ED2E}.Release|Any CPU.ActiveCfg = Release|Any CPU
		{AEBDCAAD-09AE-4458-A6E7-6BA62080ED2E}.Release|Any CPU.Build.0 = Release|Any CPU
		{50BAA52D-6022-4EC2-AD78-3472F4FB1EB8}.Debug|Any CPU.ActiveCfg = Debug|Any CPU
		{50BAA52D-6022-4EC2-AD78-3472F4FB1EB8}.Debug|Any CPU.Build.0 = Debug|Any CPU
		{50BAA52D-6022-4EC2-AD78-3472F4FB1EB8}.Release|Any CPU.ActiveCfg = Release|Any CPU
		{50BAA52D-6022-4EC2-AD78-3472F4FB1EB8}.Release|Any CPU.Build.0 = Release|Any CPU
		{3835A672-5AA0-4AC1-9FD3-6379A01F689F}.Debug|Any CPU.ActiveCfg = Debug|Any CPU
		{3835A672-5AA0-4AC1-9FD3-6379A01F689F}.Debug|Any CPU.Build.0 = Debug|Any CPU
		{3835A672-5AA0-4AC1-9FD3-6379A01F689F}.Release|Any CPU.ActiveCfg = Release|Any CPU
		{3835A672-5AA0-4AC1-9FD3-6379A01F689F}.Release|Any CPU.Build.0 = Release|Any CPU
		{13D4E93F-A082-438D-BB4A-07C99DD698A7}.Debug|Any CPU.ActiveCfg = Debug|Any CPU
		{13D4E93F-A082-438D-BB4A-07C99DD698A7}.Debug|Any CPU.Build.0 = Debug|Any CPU
		{13D4E93F-A082-438D-BB4A-07C99DD698A7}.Release|Any CPU.ActiveCfg = Release|Any CPU
		{13D4E93F-A082-438D-BB4A-07C99DD698A7}.Release|Any CPU.Build.0 = Release|Any CPU
		{6B4BA8AC-2264-4B91-91F7-691F415393CA}.Debug|Any CPU.ActiveCfg = Debug|Any CPU
		{6B4BA8AC-2264-4B91-91F7-691F415393CA}.Debug|Any CPU.Build.0 = Debug|Any CPU
		{6B4BA8AC-2264-4B91-91F7-691F415393CA}.Release|Any CPU.ActiveCfg = Release|Any CPU
		{6B4BA8AC-2264-4B91-91F7-691F415393CA}.Release|Any CPU.Build.0 = Release|Any CPU
		{09632A81-3F36-4256-8276-EBCDCC7BDE0F}.Debug|Any CPU.ActiveCfg = Debug|Any CPU
		{09632A81-3F36-4256-8276-EBCDCC7BDE0F}.Debug|Any CPU.Build.0 = Debug|Any CPU
		{09632A81-3F36-4256-8276-EBCDCC7BDE0F}.Release|Any CPU.ActiveCfg = Release|Any CPU
		{09632A81-3F36-4256-8276-EBCDCC7BDE0F}.Release|Any CPU.Build.0 = Release|Any CPU
		{6D16E0AE-A31D-423B-A4BA-E0525D5C7BE7}.Debug|Any CPU.ActiveCfg = Debug|Any CPU
		{6D16E0AE-A31D-423B-A4BA-E0525D5C7BE7}.Debug|Any CPU.Build.0 = Debug|Any CPU
		{6D16E0AE-A31D-423B-A4BA-E0525D5C7BE7}.Release|Any CPU.ActiveCfg = Release|Any CPU
		{6D16E0AE-A31D-423B-A4BA-E0525D5C7BE7}.Release|Any CPU.Build.0 = Release|Any CPU
		{9FCD67D1-5014-497B-8DFB-0B4129619379}.Debug|Any CPU.ActiveCfg = Debug|Any CPU
		{9FCD67D1-5014-497B-8DFB-0B4129619379}.Debug|Any CPU.Build.0 = Debug|Any CPU
		{9FCD67D1-5014-497B-8DFB-0B4129619379}.Release|Any CPU.ActiveCfg = Release|Any CPU
		{9FCD67D1-5014-497B-8DFB-0B4129619379}.Release|Any CPU.Build.0 = Release|Any CPU
		{AF565562-7322-40E4-8D20-641A476AF3AE}.Debug|Any CPU.ActiveCfg = Debug|Any CPU
		{AF565562-7322-40E4-8D20-641A476AF3AE}.Debug|Any CPU.Build.0 = Debug|Any CPU
		{AF565562-7322-40E4-8D20-641A476AF3AE}.Release|Any CPU.ActiveCfg = Release|Any CPU
		{AF565562-7322-40E4-8D20-641A476AF3AE}.Release|Any CPU.Build.0 = Release|Any CPU
	EndGlobalSection
	GlobalSection(SolutionProperties) = preSolution
		HideSolutionNode = FALSE
	EndGlobalSection
	GlobalSection(NestedProjects) = preSolution
		{AEBDCAAD-09AE-4458-A6E7-6BA62080ED2E} = {79A3AE20-0A1E-41F1-924E-62F58A440719}
		{50BAA52D-6022-4EC2-AD78-3472F4FB1EB8} = {79A3AE20-0A1E-41F1-924E-62F58A440719}
		{3835A672-5AA0-4AC1-9FD3-6379A01F689F} = {79A3AE20-0A1E-41F1-924E-62F58A440719}
		{13D4E93F-A082-438D-BB4A-07C99DD698A7} = {79A3AE20-0A1E-41F1-924E-62F58A440719}
		{6B4BA8AC-2264-4B91-91F7-691F415393CA} = {79A3AE20-0A1E-41F1-924E-62F58A440719}
		{09632A81-3F36-4256-8276-EBCDCC7BDE0F} = {79A3AE20-0A1E-41F1-924E-62F58A440719}
		{6D16E0AE-A31D-423B-A4BA-E0525D5C7BE7} = {79A3AE20-0A1E-41F1-924E-62F58A440719}
		{9FCD67D1-5014-497B-8DFB-0B4129619379} = {9ACE9B54-DF79-467A-96AA-B82DB8AD7D44}
		{AF565562-7322-40E4-8D20-641A476AF3AE} = {79A3AE20-0A1E-41F1-924E-62F58A440719}
	EndGlobalSection
	GlobalSection(ExtensibilityGlobals) = postSolution
		SolutionGuid = {4293975A-90C1-4E17-8F90-DFF04C792B71}
	EndGlobalSection
EndGlobal
